# THIS IS AN AUTOGENERATED FILE. DO NOT EDIT THIS FILE DIRECTLY.
# yarn lockfile v1


abbrev@1:
  version "1.1.0"
  resolved "http://r.cnpmjs.org/abbrev/download/abbrev-1.1.0.tgz#d0554c2256636e2f56e7c2e5ad183f859428d81f"

accepts@~1.3.3:
  version "1.3.3"
  resolved "http://r.cnpmjs.org/accepts/download/accepts-1.3.3.tgz#c3ca7434938648c3e0d9c1e328dd68b622c284ca"
  dependencies:
    mime-types "~2.1.11"
    negotiator "0.6.1"

ajv-keywords@^1.0.0:
  version "1.5.1"
  resolved "http://r.cnpmjs.org/ajv-keywords/download/ajv-keywords-1.5.1.tgz#314dd0a4b3368fad3dfcdc54ede6171b886daf3c"

ajv@^4.7.0, ajv@^4.9.1:
  version "4.11.7"
  resolved "http://r.cnpmjs.org/ajv/download/ajv-4.11.7.tgz#8655a5d86d0824985cc471a1d913fb6729a0ec48"
  dependencies:
    co "^4.6.0"
    json-stable-stringify "^1.0.1"

ansi-regex@^2.0.0:
  version "2.1.1"
  resolved "http://r.cnpmjs.org/ansi-regex/download/ansi-regex-2.1.1.tgz#c3b33ab5ee360d86e0e628f0468ae7ef27d654df"

ansi-styles@^2.2.1:
  version "2.2.1"
  resolved "http://r.cnpmjs.org/ansi-styles/download/ansi-styles-2.2.1.tgz#b432dd3358b634cf75e1e4664368240533c1ddbe"

aproba@^1.0.3:
  version "1.1.1"
  resolved "http://r.cnpmjs.org/aproba/download/aproba-1.1.1.tgz#95d3600f07710aa0e9298c726ad5ecf2eacbabab"

are-we-there-yet@~1.1.2:
  version "1.1.2"
  resolved "http://r.cnpmjs.org/are-we-there-yet/download/are-we-there-yet-1.1.2.tgz#80e470e95a084794fe1899262c5667c6e88de1b3"
  dependencies:
    delegates "^1.0.0"
    readable-stream "^2.0.0 || ^1.1.13"

array-flatten@1.1.1:
  version "1.1.1"
  resolved "http://r.cnpmjs.org/array-flatten/download/array-flatten-1.1.1.tgz#9a5f699051b1e7073328f2a008968b64ea2955d2"

asn1@~0.2.3:
  version "0.2.3"
  resolved "http://r.cnpmjs.org/asn1/download/asn1-0.2.3.tgz#dac8787713c9966849fc8180777ebe9c1ddf3b86"

assert-plus@1.0.0, assert-plus@^1.0.0:
  version "1.0.0"
  resolved "http://r.cnpmjs.org/assert-plus/download/assert-plus-1.0.0.tgz#f12e0f3c5d77b0b1cdd9146942e4e96c1e4dd525"

assert-plus@^0.2.0:
  version "0.2.0"
  resolved "http://r.cnpmjs.org/assert-plus/download/assert-plus-0.2.0.tgz#d74e1b87e7affc0db8aadb7021f3fe48101ab234"

asynckit@^0.4.0:
  version "0.4.0"
  resolved "http://r.cnpmjs.org/asynckit/download/asynckit-0.4.0.tgz#c79ed97f7f34cb8f2ba1bc9790bcc366474b4b79"

autocannon@^0.16.0:
  version "0.16.5"
  resolved "http://r.cnpmjs.org/autocannon/download/autocannon-0.16.5.tgz#2538c3d50e796a3659eea50127805711d0736c04"
  dependencies:
    chalk "^1.1.3"
    color-support "^1.1.1"
    deep-extend "^0.4.1"
    hdr-histogram-percentiles-obj "^1.1.0"
    http-parser-js "^0.4.2"
    hyperid "^1.1.0"
    minimist "^1.2.0"
    native-hdr-histogram "^0.4.0"
    pretty-bytes "^4.0.2"
    progress "^1.1.8"
    reinterval "^1.1.0"
    retimer "^1.0.1"
    table "^4.0.1"
    timestring "^3.0.1"
    xtend "^4.0.1"

aws-sign2@~0.6.0:
  version "0.6.0"
  resolved "http://r.cnpmjs.org/aws-sign2/download/aws-sign2-0.6.0.tgz#14342dd38dbcc94d0e5b87d763cd63612c0e794f"

aws4@^1.2.1:
  version "1.6.0"
  resolved "http://r.cnpmjs.org/aws4/download/aws4-1.6.0.tgz#83ef5ca860b2b32e4a0deedee8c771b9db57471e"

balanced-match@^0.4.1:
  version "0.4.2"
  resolved "http://r.cnpmjs.org/balanced-match/download/balanced-match-0.4.2.tgz#cb3f3e3c732dc0f01ee70b403f302e61d7709838"

basic-auth@~1.1.0:
  version "1.1.0"
  resolved "http://r.cnpmjs.org/basic-auth/download/basic-auth-1.1.0.tgz#45221ee429f7ee1e5035be3f51533f1cdfd29884"

bcrypt-pbkdf@^1.0.0:
  version "1.0.1"
  resolved "http://r.cnpmjs.org/bcrypt-pbkdf/download/bcrypt-pbkdf-1.0.1.tgz#63bc5dcb61331b92bc05fd528953c33462a06f8d"
  dependencies:
    tweetnacl "^0.14.3"

benchapp@^1.0.2:
  version "1.0.2"
  resolved "http://r.cnpmjs.org/benchapp/download/benchapp-1.0.2.tgz#85f65611be524c228914161018815e387e1abf3d"
  dependencies:
    autocannon "^0.16.0"
    bluebird "^3.4.7"

block-stream@*:
  version "0.0.9"
  resolved "http://r.cnpmjs.org/block-stream/download/block-stream-0.0.9.tgz#13ebfe778a03205cfe03751481ebb4b3300c126a"
  dependencies:
    inherits "~2.0.0"

bluebird@^3.4.7:
  version "3.5.0"
  resolved "http://r.cnpmjs.org/bluebird/download/bluebird-3.5.0.tgz#791420d7f551eea2897453a8a77653f96606d67c"

body-parser@~1.17.1:
  version "1.17.1"
  resolved "http://r.cnpmjs.org/body-parser/download/body-parser-1.17.1.tgz#75b3bc98ddd6e7e0d8ffe750dfaca5c66993fa47"
  dependencies:
    bytes "2.4.0"
    content-type "~1.0.2"
    debug "2.6.1"
    depd "~1.1.0"
    http-errors "~1.6.1"
    iconv-lite "0.4.15"
    on-finished "~2.3.0"
    qs "6.4.0"
    raw-body "~2.2.0"
    type-is "~1.6.14"

boom@2.x.x:
  version "2.10.1"
  resolved "http://r.cnpmjs.org/boom/download/boom-2.10.1.tgz#39c8918ceff5799f83f9492a848f625add0c766f"
  dependencies:
    hoek "2.x.x"

brace-expansion@^1.0.0:
  version "1.1.7"
  resolved "http://r.cnpmjs.org/brace-expansion/download/brace-expansion-1.1.7.tgz#3effc3c50e000531fb720eaff80f0ae8ef23cf59"
  dependencies:
    balanced-match "^0.4.1"
    concat-map "0.0.1"

buffer-shims@~1.0.0:
  version "1.0.0"
  resolved "http://r.cnpmjs.org/buffer-shims/download/buffer-shims-1.0.0.tgz#9978ce317388c649ad8793028c3477ef044a8b51"

bytes@2.4.0:
  version "2.4.0"
  resolved "http://r.cnpmjs.org/bytes/download/bytes-2.4.0.tgz#7d97196f9d5baf7f6935e25985549edd2a6c2339"

caseless@~0.12.0:
  version "0.12.0"
  resolved "http://r.cnpmjs.org/caseless/download/caseless-0.12.0.tgz#1b681c21ff84033c826543090689420d187151dc"

chalk@^1.1.1, chalk@^1.1.3:
  version "1.1.3"
  resolved "http://r.cnpmjs.org/chalk/download/chalk-1.1.3.tgz#a8115c55e4a702fe4d150abd3872822a7e09fc98"
  dependencies:
    ansi-styles "^2.2.1"
    escape-string-regexp "^1.0.2"
    has-ansi "^2.0.0"
    strip-ansi "^3.0.0"
    supports-color "^2.0.0"

cli-table@^0.3.1:
  version "0.3.1"
  resolved "http://r.cnpmjs.org/cli-table/download/cli-table-0.3.1.tgz#f53b05266a8b1a0b934b3d0821e6e2dc5914ae23"
  dependencies:
    colors "1.0.3"

co@^4.6.0:
  version "4.6.0"
  resolved "http://r.cnpmjs.org/co/download/co-4.6.0.tgz#6ea6bdf3d853ae54ccb8e47bfa0bf3f9031fb184"

code-point-at@^1.0.0:
  version "1.1.0"
  resolved "http://r.cnpmjs.org/code-point-at/download/code-point-at-1.1.0.tgz#0d070b4d043a5bea33a2f1a40e2edb3d9a4ccf77"

color-support@^1.1.1:
  version "1.1.2"
  resolved "http://r.cnpmjs.org/color-support/download/color-support-1.1.2.tgz#49cc99b89d1bdef1292e9d9323c66971a33eb89d"

colors@1.0.3:
  version "1.0.3"
  resolved "http://r.cnpmjs.org/colors/download/colors-1.0.3.tgz#0433f44d809680fdeb60ed260f1b0c262e82a40b"

combined-stream@^1.0.5, combined-stream@~1.0.5:
  version "1.0.5"
  resolved "http://r.cnpmjs.org/combined-stream/download/combined-stream-1.0.5.tgz#938370a57b4a51dea2c77c15d5c5fdf895164009"
  dependencies:
    delayed-stream "~1.0.0"

concat-map@0.0.1:
  version "0.0.1"
  resolved "http://r.cnpmjs.org/concat-map/download/concat-map-0.0.1.tgz#d8a96bd77fd68df7793a73036a3ba0d5405d477b"

console-control-strings@^1.0.0, console-control-strings@~1.1.0:
  version "1.1.0"
  resolved "http://r.cnpmjs.org/console-control-strings/download/console-control-strings-1.1.0.tgz#3d7cf4464db6446ea644bf4b39507f9851008e8e"

content-disposition@0.5.2:
  version "0.5.2"
  resolved "http://r.cnpmjs.org/content-disposition/download/content-disposition-0.5.2.tgz#0cf68bb9ddf5f2be7961c3a85178cb85dba78cb4"

content-type@~1.0.2:
  version "1.0.2"
  resolved "http://r.cnpmjs.org/content-type/download/content-type-1.0.2.tgz#b7d113aee7a8dd27bd21133c4dc2529df1721eed"

cookie-parser@~1.4.3:
  version "1.4.3"
  resolved "http://r.cnpmjs.org/cookie-parser/download/cookie-parser-1.4.3.tgz#0fe31fa19d000b95f4aadf1f53fdc2b8a203baa5"
  dependencies:
    cookie "0.3.1"
    cookie-signature "1.0.6"

cookie-signature@1.0.6:
  version "1.0.6"
  resolved "http://r.cnpmjs.org/cookie-signature/download/cookie-signature-1.0.6.tgz#e303a882b342cc3ee8ca513a79999734dab3ae2c"

cookie@0.3.1:
  version "0.3.1"
  resolved "http://r.cnpmjs.org/cookie/download/cookie-0.3.1.tgz#e7e0a1f9ef43b4c8ba925c5c5a96e806d16873bb"

core-util-is@~1.0.0:
  version "1.0.2"
  resolved "http://r.cnpmjs.org/core-util-is/download/core-util-is-1.0.2.tgz#b5fd54220aa2bc5ab57aab7140c940754503c1a7"

cryptiles@2.x.x:
  version "2.0.5"
  resolved "http://r.cnpmjs.org/cryptiles/download/cryptiles-2.0.5.tgz#3bdfecdc608147c1c67202fa291e7dca59eaa3b8"
  dependencies:
    boom "2.x.x"

dashdash@^1.12.0:
  version "1.14.1"
  resolved "http://r.cnpmjs.org/dashdash/download/dashdash-1.14.1.tgz#853cfa0f7cbe2fed5de20326b8dd581035f6e2f0"
  dependencies:
    assert-plus "^1.0.0"

debug@2.6.1:
  version "2.6.1"
  resolved "http://r.cnpmjs.org/debug/download/debug-2.6.1.tgz#79855090ba2c4e3115cc7d8769491d58f0491351"
  dependencies:
    ms "0.7.2"

debug@2.6.3, debug@^2.2.0:
  version "2.6.3"
  resolved "http://r.cnpmjs.org/debug/download/debug-2.6.3.tgz#0f7eb8c30965ec08c72accfa0130c8b79984141d"
  dependencies:
    ms "0.7.2"

deep-extend@^0.4.1, deep-extend@~0.4.0:
  version "0.4.1"
  resolved "http://r.cnpmjs.org/deep-extend/download/deep-extend-0.4.1.tgz#efe4113d08085f4e6f9687759810f807469e2253"

delayed-stream@~1.0.0:
  version "1.0.0"
  resolved "http://r.cnpmjs.org/delayed-stream/download/delayed-stream-1.0.0.tgz#df3ae199acadfb7d440aaae0b29e2272b24ec619"

delegates@^1.0.0:
  version "1.0.0"
  resolved "http://r.cnpmjs.org/delegates/download/delegates-1.0.0.tgz#84c6e159b81904fdca59a0ef44cd870d31250f9a"

depd@1.1.0, depd@~1.1.0:
  version "1.1.0"
  resolved "http://r.cnpmjs.org/depd/download/depd-1.1.0.tgz#e1bd82c6aab6ced965b97b88b17ed3e528ca18c3"

destroy@~1.0.4:
  version "1.0.4"
  resolved "http://r.cnpmjs.org/destroy/download/destroy-1.0.4.tgz#978857442c44749e4206613e37946205826abd80"

ecc-jsbn@~0.1.1:
  version "0.1.1"
  resolved "http://r.cnpmjs.org/ecc-jsbn/download/ecc-jsbn-0.1.1.tgz#0fc73a9ed5f0d53c38193398523ef7e543777505"
  dependencies:
    jsbn "~0.1.0"

ee-first@1.1.1:
  version "1.1.1"
  resolved "http://r.cnpmjs.org/ee-first/download/ee-first-1.1.1.tgz#590c61156b0ae2f4f0255732a158b266bc56b21d"

encodeurl@~1.0.1:
  version "1.0.1"
  resolved "http://r.cnpmjs.org/encodeurl/download/encodeurl-1.0.1.tgz#79e3d58655346909fe6f0f45a5de68103b294d20"

escape-html@~1.0.3:
  version "1.0.3"
  resolved "http://r.cnpmjs.org/escape-html/download/escape-html-1.0.3.tgz#0258eae4d3d0c0974de1c169188ef0051d1d1988"

escape-string-regexp@^1.0.2:
  version "1.0.5"
  resolved "http://r.cnpmjs.org/escape-string-regexp/download/escape-string-regexp-1.0.5.tgz#1b61c0562190a8dff6ae3bb2cf0200ca130b86d4"

etag@~1.8.0:
  version "1.8.0"
  resolved "http://r.cnpmjs.org/etag/download/etag-1.8.0.tgz#6f631aef336d6c46362b51764044ce216be3c051"

express@^4.15.2:
  version "4.15.2"
  resolved "http://r.cnpmjs.org/express/download/express-4.15.2.tgz#af107fc148504457f2dca9a6f2571d7129b97b35"
  dependencies:
    accepts "~1.3.3"
    array-flatten "1.1.1"
    content-disposition "0.5.2"
    content-type "~1.0.2"
    cookie "0.3.1"
    cookie-signature "1.0.6"
    debug "2.6.1"
    depd "~1.1.0"
    encodeurl "~1.0.1"
    escape-html "~1.0.3"
    etag "~1.8.0"
    finalhandler "~1.0.0"
    fresh "0.5.0"
    merge-descriptors "1.0.1"
    methods "~1.1.2"
    on-finished "~2.3.0"
    parseurl "~1.3.1"
    path-to-regexp "0.1.7"
    proxy-addr "~1.1.3"
    qs "6.4.0"
    range-parser "~1.2.0"
    send "0.15.1"
    serve-static "1.12.1"
    setprototypeof "1.0.3"
    statuses "~1.3.1"
    type-is "~1.6.14"
    utils-merge "1.0.0"
    vary "~1.1.0"

extend@~3.0.0:
  version "3.0.0"
  resolved "http://r.cnpmjs.org/extend/download/extend-3.0.0.tgz#5a474353b9f3353ddd8176dfd37b91c83a46f1d4"

extsprintf@1.0.2:
  version "1.0.2"
  resolved "http://r.cnpmjs.org/extsprintf/download/extsprintf-1.0.2.tgz#e1080e0658e300b06294990cc70e1502235fd550"

finalhandler@~1.0.0:
  version "1.0.1"
  resolved "http://r.cnpmjs.org/finalhandler/download/finalhandler-1.0.1.tgz#bcd15d1689c0e5ed729b6f7f541a6df984117db8"
  dependencies:
    debug "2.6.3"
    encodeurl "~1.0.1"
    escape-html "~1.0.3"
    on-finished "~2.3.0"
    parseurl "~1.3.1"
    statuses "~1.3.1"
    unpipe "~1.0.0"

forever-agent@~0.6.1:
  version "0.6.1"
  resolved "http://r.cnpmjs.org/forever-agent/download/forever-agent-0.6.1.tgz#fbc71f0c41adeb37f96c577ad1ed42d8fdacca91"

form-data@~2.1.1:
  version "2.1.4"
  resolved "http://r.cnpmjs.org/form-data/download/form-data-2.1.4.tgz#33c183acf193276ecaa98143a69e94bfee1750d1"
  dependencies:
    asynckit "^0.4.0"
    combined-stream "^1.0.5"
    mime-types "^2.1.12"

forwarded@~0.1.0:
  version "0.1.0"
  resolved "http://r.cnpmjs.org/forwarded/download/forwarded-0.1.0.tgz#19ef9874c4ae1c297bcf078fde63a09b66a84363"

fresh@0.5.0:
  version "0.5.0"
  resolved "http://r.cnpmjs.org/fresh/download/fresh-0.5.0.tgz#f474ca5e6a9246d6fd8e0953cfa9b9c805afa78e"

fs.realpath@^1.0.0:
  version "1.0.0"
  resolved "http://r.cnpmjs.org/fs.realpath/download/fs.realpath-1.0.0.tgz#1504ad2523158caa40db4a2787cb01411994ea4f"

fstream-ignore@^1.0.5:
  version "1.0.5"
  resolved "http://r.cnpmjs.org/fstream-ignore/download/fstream-ignore-1.0.5.tgz#9c31dae34767018fe1d249b24dada67d092da105"
  dependencies:
    fstream "^1.0.0"
    inherits "2"
    minimatch "^3.0.0"

fstream@^1.0.0, fstream@^1.0.10, fstream@^1.0.2:
  version "1.0.11"
  resolved "http://r.cnpmjs.org/fstream/download/fstream-1.0.11.tgz#5c1fb1f117477114f0632a0eb4b71b3cb0fd3171"
  dependencies:
    graceful-fs "^4.1.2"
    inherits "~2.0.0"
    mkdirp ">=0.5 0"
    rimraf "2"

gauge@~2.7.1:
  version "2.7.3"
  resolved "http://r.cnpmjs.org/gauge/download/gauge-2.7.3.tgz#1c23855f962f17b3ad3d0dc7443f304542edfe09"
  dependencies:
    aproba "^1.0.3"
    console-control-strings "^1.0.0"
    has-unicode "^2.0.0"
    object-assign "^4.1.0"
    signal-exit "^3.0.0"
    string-width "^1.0.1"
    strip-ansi "^3.0.1"
    wide-align "^1.1.0"

getpass@^0.1.1:
  version "0.1.6"
  resolved "http://r.cnpmjs.org/getpass/download/getpass-0.1.6.tgz#283ffd9fc1256840875311c1b60e8c40187110e6"
  dependencies:
    assert-plus "^1.0.0"

glob@^7.0.5:
  version "7.1.1"
  resolved "http://r.cnpmjs.org/glob/download/glob-7.1.1.tgz#805211df04faaf1c63a3600306cdf5ade50b2ec8"
  dependencies:
    fs.realpath "^1.0.0"
    inflight "^1.0.4"
    inherits "2"
    minimatch "^3.0.2"
    once "^1.3.0"
    path-is-absolute "^1.0.0"

graceful-fs@^4.1.2:
  version "4.1.11"
  resolved "http://r.cnpmjs.org/graceful-fs/download/graceful-fs-4.1.11.tgz#0e8bdfe4d1ddb8854d64e04ea7c00e2a026e5658"

har-schema@^1.0.5:
  version "1.0.5"
  resolved "http://r.cnpmjs.org/har-schema/download/har-schema-1.0.5.tgz#d263135f43307c02c602afc8fe95970c0151369e"

har-validator@~4.2.1:
  version "4.2.1"
  resolved "http://r.cnpmjs.org/har-validator/download/har-validator-4.2.1.tgz#33481d0f1bbff600dd203d75812a6a5fba002e2a"
  dependencies:
    ajv "^4.9.1"
    har-schema "^1.0.5"

has-ansi@^2.0.0:
  version "2.0.0"
  resolved "http://r.cnpmjs.org/has-ansi/download/has-ansi-2.0.0.tgz#34f5049ce1ecdf2b0649af3ef24e45ed35416d91"
  dependencies:
    ansi-regex "^2.0.0"

has-unicode@^2.0.0:
  version "2.0.1"
  resolved "http://r.cnpmjs.org/has-unicode/download/has-unicode-2.0.1.tgz#e0e6fe6a28cf51138855e086d1691e771de2a8b9"

hawk@~3.1.3:
  version "3.1.3"
  resolved "http://r.cnpmjs.org/hawk/download/hawk-3.1.3.tgz#078444bd7c1640b0fe540d2c9b73d59678e8e1c4"
  dependencies:
    boom "2.x.x"
    cryptiles "2.x.x"
    hoek "2.x.x"
    sntp "1.x.x"

hdr-histogram-percentiles-obj@^1.1.0:
  version "1.1.0"
  resolved "http://r.cnpmjs.org/hdr-histogram-percentiles-obj/download/hdr-histogram-percentiles-obj-1.1.0.tgz#3bf981693b2907dd5ee5188842dcedc3c30a6235"

hoek@2.x.x:
  version "2.16.3"
  resolved "http://r.cnpmjs.org/hoek/download/hoek-2.16.3.tgz#20bb7403d3cea398e91dc4710a8ff1b8274a25ed"

http-errors@~1.6.1:
  version "1.6.1"
  resolved "http://r.cnpmjs.org/http-errors/download/http-errors-1.6.1.tgz#5f8b8ed98aca545656bf572997387f904a722257"
  dependencies:
    depd "1.1.0"
    inherits "2.0.3"
    setprototypeof "1.0.3"
    statuses ">= 1.3.1 < 2"

http-parser-js@^0.4.2:
  version "0.4.4"
  resolved "http://r.cnpmjs.org/http-parser-js/download/http-parser-js-0.4.4.tgz#c1273cf9897ac2caccc4779959780aa903de41a4"

http-signature@~1.1.0:
  version "1.1.1"
  resolved "http://r.cnpmjs.org/http-signature/download/http-signature-1.1.1.tgz#df72e267066cd0ac67fb76adf8e134a8fbcf91bf"
  dependencies:
    assert-plus "^0.2.0"
    jsprim "^1.2.2"
    sshpk "^1.7.0"

hyperid@^1.1.0:
  version "1.2.0"
  resolved "http://r.cnpmjs.org/hyperid/download/hyperid-1.2.0.tgz#868aca10845b3070cbe06abf416862bde0f45257"
  dependencies:
    uuid "^2.0.2"

iconv-lite@0.4.15:
  version "0.4.15"
  resolved "http://r.cnpmjs.org/iconv-lite/download/iconv-lite-0.4.15.tgz#fe265a218ac6a57cfe854927e9d04c19825eddeb"

inflight@^1.0.4:
  version "1.0.6"
  resolved "http://r.cnpmjs.org/inflight/download/inflight-1.0.6.tgz#49bd6331d7d02d0c09bc910a1075ba8165b56df9"
  dependencies:
    once "^1.3.0"
    wrappy "1"

inherits@2, inherits@2.0.3, inherits@~2.0.0, inherits@~2.0.1:
  version "2.0.3"
  resolved "http://r.cnpmjs.org/inherits/download/inherits-2.0.3.tgz#633c2c83e3da42a502f52466022480f4208261de"

ini@~1.3.0:
  version "1.3.4"
  resolved "http://r.cnpmjs.org/ini/download/ini-1.3.4.tgz#0537cb79daf59b59a1a517dff706c86ec039162e"

ipaddr.js@1.3.0:
  version "1.3.0"
  resolved "http://r.cnpmjs.org/ipaddr.js/download/ipaddr.js-1.3.0.tgz#1e03a52fdad83a8bbb2b25cbf4998b4cffcd3dec"

is-fullwidth-code-point@^1.0.0:
  version "1.0.0"
  resolved "http://r.cnpmjs.org/is-fullwidth-code-point/download/is-fullwidth-code-point-1.0.0.tgz#ef9e31386f031a7f0d643af82fde50c457ef00cb"
  dependencies:
    number-is-nan "^1.0.0"

is-fullwidth-code-point@^2.0.0:
  version "2.0.0"
  resolved "http://r.cnpmjs.org/is-fullwidth-code-point/download/is-fullwidth-code-point-2.0.0.tgz#a3b30a5c4f199183167aaab93beefae3ddfb654f"

is-typedarray@~1.0.0:
  version "1.0.0"
  resolved "http://r.cnpmjs.org/is-typedarray/download/is-typedarray-1.0.0.tgz#e479c80858df0c1b11ddda6940f96011fcda4a9a"

isarray@~1.0.0:
  version "1.0.0"
  resolved "http://r.cnpmjs.org/isarray/download/isarray-1.0.0.tgz#bb935d48582cba168c06834957a54a3e07124f11"

isstream@~0.1.2:
  version "0.1.2"
  resolved "http://r.cnpmjs.org/isstream/download/isstream-0.1.2.tgz#47e63f7af55afa6f92e1500e690eb8b8529c099a"

jodid25519@^1.0.0:
  version "1.0.2"
  resolved "http://r.cnpmjs.org/jodid25519/download/jodid25519-1.0.2.tgz#06d4912255093419477d425633606e0e90782967"
  dependencies:
    jsbn "~0.1.0"

jsbn@~0.1.0:
  version "0.1.1"
  resolved "http://r.cnpmjs.org/jsbn/download/jsbn-0.1.1.tgz#a5e654c2e5a2deb5f201d96cefbca80c0ef2f513"

json-schema@0.2.3:
  version "0.2.3"
  resolved "http://r.cnpmjs.org/json-schema/download/json-schema-0.2.3.tgz#b480c892e59a2f05954ce727bd3f2a4e882f9e13"

json-stable-stringify@^1.0.1:
  version "1.0.1"
  resolved "http://r.cnpmjs.org/json-stable-stringify/download/json-stable-stringify-1.0.1.tgz#9a759d39c5f2ff503fd5300646ed445f88c4f9af"
  dependencies:
    jsonify "~0.0.0"

json-stringify-safe@~5.0.1:
  version "5.0.1"
  resolved "http://r.cnpmjs.org/json-stringify-safe/download/json-stringify-safe-5.0.1.tgz#1296a2d58fd45f19a0f6ce01d65701e2c735b6eb"

jsonify@~0.0.0:
  version "0.0.0"
  resolved "http://r.cnpmjs.org/jsonify/download/jsonify-0.0.0.tgz#2c74b6ee41d93ca51b7b5aaee8f503631d252a73"

jsprim@^1.2.2:
  version "1.4.0"
  resolved "http://r.cnpmjs.org/jsprim/download/jsprim-1.4.0.tgz#a3b87e40298d8c380552d8cc7628a0bb95a22918"
  dependencies:
    assert-plus "1.0.0"
    extsprintf "1.0.2"
    json-schema "0.2.3"
    verror "1.3.6"

lodash@^4.0.0:
  version "4.17.4"
  resolved "http://r.cnpmjs.org/lodash/download/lodash-4.17.4.tgz#78203a4d1c328ae1d86dca6460e369b57f4055ae"

media-typer@0.3.0:
  version "0.3.0"
  resolved "http://r.cnpmjs.org/media-typer/download/media-typer-0.3.0.tgz#8710d7af0aa626f8fffa1ce00168545263255748"

merge-descriptors@1.0.1:
  version "1.0.1"
  resolved "http://r.cnpmjs.org/merge-descriptors/download/merge-descriptors-1.0.1.tgz#b00aaa556dd8b44568150ec9d1b953f3f90cbb61"

methods@~1.1.2:
  version "1.1.2"
  resolved "http://r.cnpmjs.org/methods/download/methods-1.1.2.tgz#5529a4d67654134edcc5266656835b0f851afcee"

mime-db@~1.27.0:
  version "1.27.0"
  resolved "http://r.cnpmjs.org/mime-db/download/mime-db-1.27.0.tgz#820f572296bbd20ec25ed55e5b5de869e5436eb1"

mime-types@^2.1.12, mime-types@~2.1.11, mime-types@~2.1.15, mime-types@~2.1.7:
  version "2.1.15"
  resolved "http://r.cnpmjs.org/mime-types/download/mime-types-2.1.15.tgz#a4ebf5064094569237b8cf70046776d09fc92aed"
  dependencies:
    mime-db "~1.27.0"

mime@1.3.4:
  version "1.3.4"
  resolved "http://r.cnpmjs.org/mime/download/mime-1.3.4.tgz#115f9e3b6b3daf2959983cb38f149a2d40eb5d53"

minimatch@^3.0.0, minimatch@^3.0.2:
  version "3.0.3"
  resolved "http://r.cnpmjs.org/minimatch/download/minimatch-3.0.3.tgz#2a4e4090b96b2db06a9d7df01055a62a77c9b774"
  dependencies:
    brace-expansion "^1.0.0"

minimist@0.0.8:
  version "0.0.8"
  resolved "http://r.cnpmjs.org/minimist/download/minimist-0.0.8.tgz#857fcabfc3397d2625b8228262e86aa7a011b05d"

minimist@^1.2.0:
  version "1.2.0"
  resolved "http://r.cnpmjs.org/minimist/download/minimist-1.2.0.tgz#a35008b20f41383eec1fb914f4cd5df79a264284"

"mkdirp@>=0.5 0", mkdirp@^0.5.1:
  version "0.5.1"
  resolved "http://r.cnpmjs.org/mkdirp/download/mkdirp-0.5.1.tgz#30057438eac6cf7f8c4767f38648d6697d75c903"
  dependencies:
    minimist "0.0.8"

morgan@~1.8.1:
  version "1.8.1"
  resolved "http://r.cnpmjs.org/morgan/download/morgan-1.8.1.tgz#f93023d3887bd27b78dfd6023cea7892ee27a4b1"
  dependencies:
    basic-auth "~1.1.0"
    debug "2.6.1"
    depd "~1.1.0"
    on-finished "~2.3.0"
    on-headers "~1.0.1"

ms@0.7.2:
  version "0.7.2"
  resolved "http://r.cnpmjs.org/ms/download/ms-0.7.2.tgz#ae25cf2512b3885a1d95d7f037868d8431124765"

nan@^2.3.0:
  version "2.6.2"
  resolved "http://r.cnpmjs.org/nan/download/nan-2.6.2.tgz#e4ff34e6c95fdfb5aecc08de6596f43605a7db45"

native-hdr-histogram@^0.4.0:
  version "0.4.4"
  resolved "http://r.cnpmjs.org/native-hdr-histogram/download/native-hdr-histogram-0.4.4.tgz#db716d454a227a6047e3d481a8c7adc7c0353c83"
  dependencies:
    nan "^2.3.0"
    node-pre-gyp "0.6.x"

negotiator@0.6.1:
  version "0.6.1"
  resolved "http://r.cnpmjs.org/negotiator/download/negotiator-0.6.1.tgz#2b327184e8992101177b28563fb5e7102acd0ca9"

node-pre-gyp@0.6.x:
  version "0.6.34"
  resolved "http://r.cnpmjs.org/node-pre-gyp/download/node-pre-gyp-0.6.34.tgz#94ad1c798a11d7fc67381b50d47f8cc18d9799f7"
  dependencies:
    mkdirp "^0.5.1"
    nopt "^4.0.1"
    npmlog "^4.0.2"
    rc "^1.1.7"
    request "^2.81.0"
    rimraf "^2.6.1"
    semver "^5.3.0"
    tar "^2.2.1"
    tar-pack "^3.4.0"

nopt@^4.0.1:
  version "4.0.1"
  resolved "http://r.cnpmjs.org/nopt/download/nopt-4.0.1.tgz#d0d4685afd5415193c8c7505602d0d17cd64474d"
  dependencies:
    abbrev "1"
    osenv "^0.1.4"

npmlog@^4.0.2:
  version "4.0.2"
  resolved "http://r.cnpmjs.org/npmlog/download/npmlog-4.0.2.tgz#d03950e0e78ce1527ba26d2a7592e9348ac3e75f"
  dependencies:
    are-we-there-yet "~1.1.2"
    console-control-strings "~1.1.0"
    gauge "~2.7.1"
    set-blocking "~2.0.0"

number-is-nan@^1.0.0:
  version "1.0.1"
  resolved "http://r.cnpmjs.org/number-is-nan/download/number-is-nan-1.0.1.tgz#097b602b53422a522c1afb8790318336941a011d"

oauth-sign@~0.8.1:
  version "0.8.2"
  resolved "http://r.cnpmjs.org/oauth-sign/download/oauth-sign-0.8.2.tgz#46a6ab7f0aead8deae9ec0565780b7d4efeb9d43"

object-assign@^4.1.0:
  version "4.1.1"
  resolved "http://r.cnpmjs.org/object-assign/download/object-assign-4.1.1.tgz#2109adc7965887cfc05cbbd442cac8bfbb360863"

on-finished@~2.3.0:
  version "2.3.0"
  resolved "http://r.cnpmjs.org/on-finished/download/on-finished-2.3.0.tgz#20f1336481b083cd75337992a16971aa2d906947"
  dependencies:
    ee-first "1.1.1"

on-headers@~1.0.1:
  version "1.0.1"
  resolved "http://r.cnpmjs.org/on-headers/download/on-headers-1.0.1.tgz#928f5d0f470d49342651ea6794b0857c100693f7"

once@^1.3.0, once@^1.3.3:
  version "1.4.0"
  resolved "http://r.cnpmjs.org/once/download/once-1.4.0.tgz#583b1aa775961d4b113ac17d9c50baef9dd76bd1"
  dependencies:
    wrappy "1"

os-homedir@^1.0.0:
  version "1.0.2"
  resolved "http://r.cnpmjs.org/os-homedir/download/os-homedir-1.0.2.tgz#ffbc4988336e0e833de0c168c7ef152121aa7fb3"

os-tmpdir@^1.0.0:
  version "1.0.2"
  resolved "http://r.cnpmjs.org/os-tmpdir/download/os-tmpdir-1.0.2.tgz#bbe67406c79aa85c5cfec766fe5734555dfa1274"

osenv@^0.1.4:
  version "0.1.4"
  resolved "http://r.cnpmjs.org/osenv/download/osenv-0.1.4.tgz#42fe6d5953df06c8064be6f176c3d05aaaa34644"
  dependencies:
    os-homedir "^1.0.0"
    os-tmpdir "^1.0.0"

parseurl@~1.3.1:
  version "1.3.1"
  resolved "http://r.cnpmjs.org/parseurl/download/parseurl-1.3.1.tgz#c8ab8c9223ba34888aa64a297b28853bec18da56"

path-is-absolute@^1.0.0:
  version "1.0.1"
  resolved "http://r.cnpmjs.org/path-is-absolute/download/path-is-absolute-1.0.1.tgz#174b9268735534ffbc7ace6bf53a5a9e1b5c5f5f"

path-to-regexp@0.1.7:
  version "0.1.7"
  resolved "http://r.cnpmjs.org/path-to-regexp/download/path-to-regexp-0.1.7.tgz#df604178005f522f15eb4490e7247a1bfaa67f8c"

performance-now@^0.2.0:
  version "0.2.0"
  resolved "http://r.cnpmjs.org/performance-now/download/performance-now-0.2.0.tgz#33ef30c5c77d4ea21c5a53869d91b56d8f2555e5"

pretty-bytes@^4.0.2:
  version "4.0.2"
  resolved "http://r.cnpmjs.org/pretty-bytes/download/pretty-bytes-4.0.2.tgz#b2bf82e7350d65c6c33aa95aaa5a4f6327f61cd9"

process-nextick-args@~1.0.6:
  version "1.0.7"
  resolved "http://r.cnpmjs.org/process-nextick-args/download/process-nextick-args-1.0.7.tgz#150e20b756590ad3f91093f25a4f2ad8bff30ba3"

progress@^1.1.8:
  version "1.1.8"
  resolved "http://r.cnpmjs.org/progress/download/progress-1.1.8.tgz#e260c78f6161cdd9b0e56cc3e0a85de17c7a57be"

proxy-addr@~1.1.3:
  version "1.1.4"
  resolved "http://r.cnpmjs.org/proxy-addr/download/proxy-addr-1.1.4.tgz#27e545f6960a44a627d9b44467e35c1b6b4ce2f3"
  dependencies:
    forwarded "~0.1.0"
    ipaddr.js "1.3.0"

punycode@^1.4.1:
  version "1.4.1"
  resolved "http://r.cnpmjs.org/punycode/download/punycode-1.4.1.tgz#c0d5a63b2718800ad8e1eb0fa5269c84dd41845e"

qs@6.4.0, qs@~6.4.0:
  version "6.4.0"
  resolved "http://r.cnpmjs.org/qs/download/qs-6.4.0.tgz#13e26d28ad6b0ffaa91312cd3bf708ed351e7233"

range-parser@~1.2.0:
  version "1.2.0"
  resolved "http://r.cnpmjs.org/range-parser/download/range-parser-1.2.0.tgz#f49be6b487894ddc40dcc94a322f611092e00d5e"

raw-body@~2.2.0:
  version "2.2.0"
  resolved "http://r.cnpmjs.org/raw-body/download/raw-body-2.2.0.tgz#994976cf6a5096a41162840492f0bdc5d6e7fb96"
  dependencies:
    bytes "2.4.0"
    iconv-lite "0.4.15"
    unpipe "1.0.0"

rc@^1.1.7:
  version "1.2.1"
  resolved "http://r.cnpmjs.org/rc/download/rc-1.2.1.tgz#2e03e8e42ee450b8cb3dce65be1bf8974e1dfd95"
  dependencies:
    deep-extend "~0.4.0"
    ini "~1.3.0"
    minimist "^1.2.0"
    strip-json-comments "~2.0.1"

"readable-stream@^2.0.0 || ^1.1.13", readable-stream@^2.1.4:
  version "2.2.9"
  resolved "http://r.cnpmjs.org/readable-stream/download/readable-stream-2.2.9.tgz#cf78ec6f4a6d1eb43d26488cac97f042e74b7fc8"
  dependencies:
    buffer-shims "~1.0.0"
    core-util-is "~1.0.0"
    inherits "~2.0.1"
    isarray "~1.0.0"
    process-nextick-args "~1.0.6"
    string_decoder "~1.0.0"
    util-deprecate "~1.0.1"

reinterval@^1.1.0:
  version "1.1.0"
  resolved "http://r.cnpmjs.org/reinterval/download/reinterval-1.1.0.tgz#3361ecfa3ca6c18283380dd0bb9546f390f5ece7"

request@^2.81.0:
  version "2.81.0"
  resolved "http://r.cnpmjs.org/request/download/request-2.81.0.tgz#c6928946a0e06c5f8d6f8a9333469ffda46298a0"
  dependencies:
    aws-sign2 "~0.6.0"
    aws4 "^1.2.1"
    caseless "~0.12.0"
    combined-stream "~1.0.5"
    extend "~3.0.0"
    forever-agent "~0.6.1"
    form-data "~2.1.1"
    har-validator "~4.2.1"
    hawk "~3.1.3"
    http-signature "~1.1.0"
    is-typedarray "~1.0.0"
    isstream "~0.1.2"
    json-stringify-safe "~5.0.1"
    mime-types "~2.1.7"
    oauth-sign "~0.8.1"
    performance-now "^0.2.0"
    qs "~6.4.0"
    safe-buffer "^5.0.1"
    stringstream "~0.0.4"
    tough-cookie "~2.3.0"
    tunnel-agent "^0.6.0"
    uuid "^3.0.0"

require-directory@^2.1.1:
  version "2.1.1"
  resolved "http://r.cnpmjs.org/require-directory/download/require-directory-2.1.1.tgz#8c64ad5fd30dab1c976e2344ffe7f792a6a6df42"

retimer@^1.0.1:
  version "1.0.1"
  resolved "http://r.cnpmjs.org/retimer/download/retimer-1.0.1.tgz#e6d0040e2ce2f9cc22cfab211e78ade5120c85e9"

rimraf@2, rimraf@^2.5.1, rimraf@^2.6.1:
  version "2.6.1"
  resolved "http://r.cnpmjs.org/rimraf/download/rimraf-2.6.1.tgz#c2338ec643df7a1b7fe5c54fa86f57428a55f33d"
  dependencies:
    glob "^7.0.5"

safe-buffer@^5.0.1:
  version "5.0.1"
  resolved "http://r.cnpmjs.org/safe-buffer/download/safe-buffer-5.0.1.tgz#d263ca54696cd8a306b5ca6551e92de57918fbe7"

semver@^5.3.0:
  version "5.3.0"
  resolved "http://r.cnpmjs.org/semver/download/semver-5.3.0.tgz#9b2ce5d3de02d17c6012ad326aa6b4d0cf54f94f"

send@0.15.1:
  version "0.15.1"
  resolved "http://r.cnpmjs.org/send/download/send-0.15.1.tgz#8a02354c26e6f5cca700065f5f0cdeba90ec7b5f"
  dependencies:
    debug "2.6.1"
    depd "~1.1.0"
    destroy "~1.0.4"
    encodeurl "~1.0.1"
    escape-html "~1.0.3"
    etag "~1.8.0"
    fresh "0.5.0"
    http-errors "~1.6.1"
    mime "1.3.4"
    ms "0.7.2"
    on-finished "~2.3.0"
    range-parser "~1.2.0"
    statuses "~1.3.1"

serve-static@1.12.1:
  version "1.12.1"
  resolved "http://r.cnpmjs.org/serve-static/download/serve-static-1.12.1.tgz#7443a965e3ced647aceb5639fa06bf4d1bbe0039"
  dependencies:
    encodeurl "~1.0.1"
    escape-html "~1.0.3"
    parseurl "~1.3.1"
    send "0.15.1"

set-blocking@~2.0.0:
  version "2.0.0"
  resolved "http://r.cnpmjs.org/set-blocking/download/set-blocking-2.0.0.tgz#045f9782d011ae9a6803ddd382b24392b3d890f7"

setprototypeof@1.0.3:
  version "1.0.3"
  resolved "http://r.cnpmjs.org/setprototypeof/download/setprototypeof-1.0.3.tgz#66567e37043eeb4f04d91bd658c0cbefb55b8e04"

signal-exit@^3.0.0:
  version "3.0.2"
  resolved "http://r.cnpmjs.org/signal-exit/download/signal-exit-3.0.2.tgz#b5fdc08f1287ea1178628e415e25132b73646c6d"

slice-ansi@0.0.4:
  version "0.0.4"
  resolved "http://r.cnpmjs.org/slice-ansi/download/slice-ansi-0.0.4.tgz#edbf8903f66f7ce2f8eafd6ceed65e264c831b35"

sntp@1.x.x:
  version "1.0.9"
  resolved "http://r.cnpmjs.org/sntp/download/sntp-1.0.9.tgz#6541184cc90aeea6c6e7b35e2659082443c66198"
  dependencies:
    hoek "2.x.x"

sshpk@^1.7.0:
  version "1.13.0"
  resolved "http://r.cnpmjs.org/sshpk/download/sshpk-1.13.0.tgz#ff2a3e4fd04497555fed97b39a0fd82fafb3a33c"
  dependencies:
    asn1 "~0.2.3"
    assert-plus "^1.0.0"
    dashdash "^1.12.0"
    getpass "^0.1.1"
  optionalDependencies:
    bcrypt-pbkdf "^1.0.0"
    ecc-jsbn "~0.1.1"
    jodid25519 "^1.0.0"
    jsbn "~0.1.0"
    tweetnacl "~0.14.0"

"statuses@>= 1.3.1 < 2", statuses@~1.3.1:
  version "1.3.1"
  resolved "http://r.cnpmjs.org/statuses/download/statuses-1.3.1.tgz#faf51b9eb74aaef3b3acf4ad5f61abf24cb7b93e"

string-width@^1.0.1:
  version "1.0.2"
  resolved "http://r.cnpmjs.org/string-width/download/string-width-1.0.2.tgz#118bdf5b8cdc51a2a7e70d211e07e2b0b9b107d3"
  dependencies:
    code-point-at "^1.0.0"
    is-fullwidth-code-point "^1.0.0"
    strip-ansi "^3.0.0"

string-width@^2.0.0:
  version "2.0.0"
  resolved "http://r.cnpmjs.org/string-width/download/string-width-2.0.0.tgz#635c5436cc72a6e0c387ceca278d4e2eec52687e"
  dependencies:
    is-fullwidth-code-point "^2.0.0"
    strip-ansi "^3.0.0"

string_decoder@~1.0.0:
  version "1.0.0"
  resolved "http://r.cnpmjs.org/string_decoder/download/string_decoder-1.0.0.tgz#f06f41157b664d86069f84bdbdc9b0d8ab281667"
  dependencies:
    buffer-shims "~1.0.0"

stringstream@~0.0.4:
  version "0.0.5"
  resolved "http://r.cnpmjs.org/stringstream/download/stringstream-0.0.5.tgz#4e484cd4de5a0bbbee18e46307710a8a81621878"

strip-ansi@^3.0.0, strip-ansi@^3.0.1:
  version "3.0.1"
  resolved "http://r.cnpmjs.org/strip-ansi/download/strip-ansi-3.0.1.tgz#6a385fb8853d952d5ff05d0e8aaf94278dc63dcf"
  dependencies:
    ansi-regex "^2.0.0"

strip-json-comments@~2.0.1:
  version "2.0.1"
  resolved "http://r.cnpmjs.org/strip-json-comments/download/strip-json-comments-2.0.1.tgz#3c531942e908c2697c0ec344858c286c7ca0a60a"

supports-color@^2.0.0:
  version "2.0.0"
  resolved "http://r.cnpmjs.org/supports-color/download/supports-color-2.0.0.tgz#535d045ce6b6363fa40117084629995e9df324c7"

table@^4.0.1:
  version "4.0.1"
  resolved "http://r.cnpmjs.org/table/download/table-4.0.1.tgz#a8116c133fac2c61f4a420ab6cdf5c4d61f0e435"
  dependencies:
    ajv "^4.7.0"
    ajv-keywords "^1.0.0"
    chalk "^1.1.1"
    lodash "^4.0.0"
    slice-ansi "0.0.4"
    string-width "^2.0.0"

tar-pack@^3.4.0:
  version "3.4.0"
  resolved "http://r.cnpmjs.org/tar-pack/download/tar-pack-3.4.0.tgz#23be2d7f671a8339376cbdb0b8fe3fdebf317984"
  dependencies:
    debug "^2.2.0"
    fstream "^1.0.10"
    fstream-ignore "^1.0.5"
    once "^1.3.3"
    readable-stream "^2.1.4"
    rimraf "^2.5.1"
    tar "^2.2.1"
    uid-number "^0.0.6"

tar@^2.2.1:
  version "2.2.1"
  resolved "http://r.cnpmjs.org/tar/download/tar-2.2.1.tgz#8e4d2a256c0e2185c6b18ad694aec968b83cb1d1"
  dependencies:
    block-stream "*"
    fstream "^1.0.2"
    inherits "2"

timestring@^3.0.1:
  version "3.2.0"
  resolved "http://r.cnpmjs.org/timestring/download/timestring-3.2.0.tgz#ab1927058ac30c2a1b06a9515f19051223453ba5"
  dependencies:
    lodash "^4.0.0"

tough-cookie@~2.3.0:
  version "2.3.2"
  resolved "http://r.cnpmjs.org/tough-cookie/download/tough-cookie-2.3.2.tgz#f081f76e4c85720e6c37a5faced737150d84072a"
  dependencies:
    punycode "^1.4.1"

tunnel-agent@^0.6.0:
  version "0.6.0"
  resolved "http://r.cnpmjs.org/tunnel-agent/download/tunnel-agent-0.6.0.tgz#27a5dea06b36b04a0a9966774b290868f0fc40fd"
  dependencies:
    safe-buffer "^5.0.1"

tweetnacl@^0.14.3, tweetnacl@~0.14.0:
  version "0.14.5"
  resolved "http://r.cnpmjs.org/tweetnacl/download/tweetnacl-0.14.5.tgz#5ae68177f192d4456269d108afa93ff8743f4f64"

type-detect@^4.0.3:
  version "4.0.3"
  resolved "http://r.cnpmjs.org/type-detect/download/type-detect-4.0.3.tgz#0e3f2670b44099b0b46c284d136a7ef49c74c2ea"

type-is@~1.6.14:
  version "1.6.15"
  resolved "http://r.cnpmjs.org/type-is/download/type-is-1.6.15.tgz#cab10fb4909e441c82842eafe1ad646c81804410"
  dependencies:
    media-typer "0.3.0"
    mime-types "~2.1.15"

uid-number@^0.0.6:
  version "0.0.6"
  resolved "http://r.cnpmjs.org/uid-number/download/uid-number-0.0.6.tgz#0ea10e8035e8eb5b8e4449f06da1c730663baa81"

unpipe@1.0.0, unpipe@~1.0.0:
  version "1.0.0"
  resolved "http://r.cnpmjs.org/unpipe/download/unpipe-1.0.0.tgz#b2bf4ee8514aae6165b4817829d21b2ef49904ec"

util-deprecate@~1.0.1:
  version "1.0.2"
  resolved "http://r.cnpmjs.org/util-deprecate/download/util-deprecate-1.0.2.tgz#450d4dc9fa70de732762fbd2d4a28981419a0ccf"

utils-merge@1.0.0:
  version "1.0.0"
  resolved "http://r.cnpmjs.org/utils-merge/download/utils-merge-1.0.0.tgz#0294fb922bb9375153541c4f7096231f287c8af8"

uuid@^2.0.2:
  version "2.0.3"
  resolved "http://r.cnpmjs.org/uuid/download/uuid-2.0.3.tgz#67e2e863797215530dff318e5bf9dcebfd47b21a"

uuid@^3.0.0:
  version "3.0.1"
  resolved "http://r.cnpmjs.org/uuid/download/uuid-3.0.1.tgz#6544bba2dfda8c1cf17e629a3a305e2bb1fee6c1"

vary@~1.1.0:
  version "1.1.1"
  resolved "http://r.cnpmjs.org/vary/download/vary-1.1.1.tgz#67535ebb694c1d52257457984665323f587e8d37"

verror@1.3.6:
  version "1.3.6"
  resolved "http://r.cnpmjs.org/verror/download/verror-1.3.6.tgz#cff5df12946d297d2baaefaa2689e25be01c005c"
  dependencies:
    extsprintf "1.0.2"

wide-align@^1.1.0:
  version "1.1.0"
  resolved "http://r.cnpmjs.org/wide-align/download/wide-align-1.1.0.tgz#40edde802a71fea1f070da3e62dcda2e7add96ad"
  dependencies:
    string-width "^1.0.1"

wrappy@1:
  version "1.0.2"
  resolved "http://r.cnpmjs.org/wrappy/download/wrappy-1.0.2.tgz#b5243d8f3ec1aa35f1364605bc0d1036e30ab69f"

xtend@^4.0.1:
  version "4.0.1"
  resolved "http://r.cnpmjs.org/xtend/download/xtend-4.0.1.tgz#a5c6d532be656e23db820efb943a1f04998d63af"
